{
  "name": "@facing/faple",
  "version": "1.0.1",
  "lockfileVersion": 3,
  "requires": true,
  "packages": {
    "": {
      "name": "@facing/faple",
      "version": "1.0.1",
      "license": "ISC",
      "dependencies": {
        "@facing/logger": "^0.2.6",
        "@facing/scheduler": "^0.2.15",
        "@types/lodash-es": "^4.17.7",
        "@types/uuid": "^9.0.1",
        "@vue/reactivity": "^3.2.47",
        "facing-metadata": "^2.0.0",
        "lodash-es": "^4.17.21",
        "recursive-free": "^1.0.3",
        "uuid": "^9.0.0"
      },
      "devDependencies": {
        "typescript": "^5.0.0"
      }
    },
    "node_modules/@facing/logger": {
      "version": "0.2.6",
      "resolved": "https://registry.npmjs.org/@facing/logger/-/logger-0.2.6.tgz",
      "integrity": "sha512-gk2g/Z7jolzoZ/u6RWkYyBTFgA+CJEJ8XSIKjwtkvQEMpw9sXOV63vIWY5693I2qNh7T64MwSoogaiiDwMcjDQ=="
    },
    "node_modules/@facing/scheduler": {
      "version": "0.2.15",
      "resolved": "https://registry.npmjs.org/@facing/scheduler/-/scheduler-0.2.15.tgz",
      "integrity": "sha512-/zvnhUZkg9Wwg7WpsmRfZImIr6Aw52mZk4KSUU2NoaR522GZ/fZPDtSheGuwJXy0d/IEAqPS9xM7LHfMS/iVgA=="
    },
    "node_modules/@types/lodash": {
      "version": "4.17.6",
      "resolved": "https://registry.npmjs.org/@types/lodash/-/lodash-4.17.6.tgz",
      "integrity": "sha512-OpXEVoCKSS3lQqjx9GGGOapBeuW5eUboYHRlHP9urXPX25IKZ6AnP5ZRxtVf63iieUbsHxLn8NQ5Nlftc6yzAA=="
    },
    "node_modules/@types/lodash-es": {
      "version": "4.17.12",
      "resolved": "https://registry.npmjs.org/@types/lodash-es/-/lodash-es-4.17.12.tgz",
      "integrity": "sha512-0NgftHUcV4v34VhXm8QBSftKVXtbkBG3ViCjs6+eJ5a6y6Mi/jiFGPc1sC7QK+9BFhWrURE3EOggmWaSxL9OzQ==",
      "dependencies": {
        "@types/lodash": "*"
      }
    },
    "node_modules/@types/uuid": {
      "version": "9.0.8",
      "resolved": "https://registry.npmjs.org/@types/uuid/-/uuid-9.0.8.tgz",
      "integrity": "sha512-jg+97EGIcY9AGHJJRaaPVgetKDsrTgbRjQ5Msgjh/DQKEFl0DtyRr/VCOyD1T2R1MNeWPK/u7JoGhlDZnKBAfA=="
    },
    "node_modules/@vue/reactivity": {
      "version": "3.4.31",
      "resolved": "https://registry.npmjs.org/@vue/reactivity/-/reactivity-3.4.31.tgz",
      "integrity": "sha512-VGkTani8SOoVkZNds1PfJ/T1SlAIOf8E58PGAhIOUDYPC4GAmFA2u/E14TDAFcf3vVDKunc4QqCe/SHr8xC65Q==",
      "dependencies": {
        "@vue/shared": "3.4.31"
      }
    },
    "node_modules/@vue/shared": {
      "version": "3.4.31",
      "resolved": "https://registry.npmjs.org/@vue/shared/-/shared-3.4.31.tgz",
      "integrity": "sha512-Yp3wtJk//8cO4NItOPpi3QkLExAr/aLBGZMmTtW9WpdwBCJpRM6zj9WgWktXAl8IDIozwNMByT45JP3tO3ACWA=="
    },
    "node_modules/facing-metadata": {
      "version": "2.0.1",
      "resolved": "https://registry.npmjs.org/facing-metadata/-/facing-metadata-2.0.1.tgz",
      "integrity": "sha512-DMefVS32GVbvhwEQxswqQvwMAJWUEsAcHAK9EypwFcLeg5DaAJlW5Kn6qEN9uMwKyac6X7yO5YtJmg5+3ljXjQ=="
    },
    "node_modules/lodash-es": {
      "version": "4.17.21",
      "resolved": "https://registry.npmjs.org/lodash-es/-/lodash-es-4.17.21.tgz",
      "integrity": "sha512-mKnC+QJ9pWVzv+C4/U3rRsHapFfHvQFoFB92e52xeyGMcX6/OlIl78je1u8vePzYZSkkogMPJ2yjxxsb89cxyw=="
    },
    "node_modules/recursive-free": {
      "version": "1.0.3",
      "resolved": "https://registry.npmjs.org/recursive-free/-/recursive-free-1.0.3.tgz",
      "integrity": "sha512-I1PQ8klq4j6Xp+Ot3LqFGQQecF72+9deT+xfceSXHEr45Jd4Urjq17Sgyufb6NK4Ci4BcmQK6sq3lJWFnkprWg=="
    },
    "node_modules/typescript": {
      "version": "5.5.3",
      "resolved": "https://registry.npmjs.org/typescript/-/typescript-5.5.3.tgz",
      "integrity": "sha512-/hreyEujaB0w76zKo6717l3L0o/qEUtRgdvUBvlkhoWeOVMjMuHNHk0BRBzikzuGDqNmPQbg5ifMEqsHLiIUcQ==",
      "dev": true,
      "bin": {
        "tsc": "bin/tsc",
        "tsserver": "bin/tsserver"
      },
      "engines": {
        "node": ">=14.17"
      }
    },
    "node_modules/uuid": {
      "version": "9.0.1",
      "resolved": "https://registry.npmjs.org/uuid/-/uuid-9.0.1.tgz",
      "integrity": "sha512-b+1eJOlsR9K8HJpow9Ok3fiWOWSIcIzXodvv0rQjVoOVNpWMpxf1wZNpt4y9h10odCNrqnYp1OBzRktckBe3sA==",
      "funding": [
        "https://github.com/sponsors/broofa",
        "https://github.com/sponsors/ctavan"
      ],
      "bin": {
        "uuid": "dist/bin/uuid"
      }
    }
  }
}
