{
  "name": "@facing/faple",
  "version": "0.0.1",
  "lockfileVersion": 1,
  "requires": true,
  "dependencies": {
    "@facing/faple-h": {
      "version": "file:../faple-h",
      "requires": {
        "@facing/logger": "^0.2.6",
        "@types/uuid": "^9.0.1",
        "recursive-free": "^1.0.3",
        "typescript": "^4.9.5",
        "uuid": "^9.0.0"
      },
      "dependencies": {
        "@facing/logger": {
          "version": "0.2.6",
          "resolved": "https://registry.npmjs.org/@facing/logger/-/logger-0.2.6.tgz",
          "integrity": "sha512-gk2g/Z7jolzoZ/u6RWkYyBTFgA+CJEJ8XSIKjwtkvQEMpw9sXOV63vIWY5693I2qNh7T64MwSoogaiiDwMcjDQ=="
        },
        "@types/uuid": {
          "version": "9.0.1",
          "resolved": "https://registry.npmjs.org/@types/uuid/-/uuid-9.0.1.tgz",
          "integrity": "sha512-rFT3ak0/2trgvp4yYZo5iKFEPsET7vKydKF+VRCxlQ9bpheehyAJH89dAkaLEq/j/RZXJIqcgsmPJKUP1Z28HA=="
        },
        "recursive-free": {
          "version": "1.0.3",
          "resolved": "https://registry.npmjs.org/recursive-free/-/recursive-free-1.0.3.tgz",
          "integrity": "sha512-I1PQ8klq4j6Xp+Ot3LqFGQQecF72+9deT+xfceSXHEr45Jd4Urjq17Sgyufb6NK4Ci4BcmQK6sq3lJWFnkprWg=="
        },
        "typescript": {
          "version": "4.9.5",
          "resolved": "https://registry.npmjs.org/typescript/-/typescript-4.9.5.tgz",
          "integrity": "sha512-1FXk9E2Hm+QzZQ7z+McJiHL4NW1F2EzMu9Nq9i3zAaGqibafqYwCVU6WyWAuyQRRzOlxou8xZSyXLEN8oKj24g=="
        },
        "uuid": {
          "version": "9.0.0",
          "resolved": "https://registry.npmjs.org/uuid/-/uuid-9.0.0.tgz",
          "integrity": "sha512-MXcSTerfPa4uqyzStbRoTgt5XIe3x5+42+q1sDuy3R5MDk66URdLMOZe5aPX/SQd+kuYAh0FdP/pO28IkQyTeg=="
        }
      }
    },
    "@facing/logger": {
      "version": "0.2.6",
      "resolved": "https://registry.npmjs.org/@facing/logger/-/logger-0.2.6.tgz",
      "integrity": "sha512-gk2g/Z7jolzoZ/u6RWkYyBTFgA+CJEJ8XSIKjwtkvQEMpw9sXOV63vIWY5693I2qNh7T64MwSoogaiiDwMcjDQ=="
    },
    "@facing/scheduler": {
      "version": "0.2.15",
      "resolved": "https://registry.npmjs.org/@facing/scheduler/-/scheduler-0.2.15.tgz",
      "integrity": "sha512-/zvnhUZkg9Wwg7WpsmRfZImIr6Aw52mZk4KSUU2NoaR522GZ/fZPDtSheGuwJXy0d/IEAqPS9xM7LHfMS/iVgA=="
    },
    "@types/lodash": {
      "version": "4.14.191",
      "resolved": "https://registry.npmjs.org/@types/lodash/-/lodash-4.14.191.tgz",
      "integrity": "sha512-BdZ5BCCvho3EIXw6wUCXHe7rS53AIDPLE+JzwgT+OsJk53oBfbSmZZ7CX4VaRoN78N+TJpFi9QPlfIVNmJYWxQ=="
    },
    "@types/uuid": {
      "version": "9.0.1",
      "resolved": "https://registry.npmjs.org/@types/uuid/-/uuid-9.0.1.tgz",
      "integrity": "sha512-rFT3ak0/2trgvp4yYZo5iKFEPsET7vKydKF+VRCxlQ9bpheehyAJH89dAkaLEq/j/RZXJIqcgsmPJKUP1Z28HA=="
    },
    "@vue/reactivity": {
      "version": "3.2.47",
      "resolved": "https://registry.npmjs.org/@vue/reactivity/-/reactivity-3.2.47.tgz",
      "integrity": "sha512-7khqQ/75oyyg+N/e+iwV6lpy1f5wq759NdlS1fpAhFXa8VeAIKGgk2E/C4VF59lx5b+Ezs5fpp/5WsRYXQiKxQ==",
      "requires": {
        "@vue/shared": "3.2.47"
      }
    },
    "@vue/shared": {
      "version": "3.2.47",
      "resolved": "https://registry.npmjs.org/@vue/shared/-/shared-3.2.47.tgz",
      "integrity": "sha512-BHGyyGN3Q97EZx0taMQ+OLNuZcW3d37ZEVmEAyeoA9ERdGvm9Irc/0Fua8SNyOtV1w6BS4q25wbMzJujO9HIfQ=="
    },
    "lodash": {
      "version": "4.17.21",
      "resolved": "https://registry.npmjs.org/lodash/-/lodash-4.17.21.tgz",
      "integrity": "sha512-v2kDEe57lecTulaDIuNTPy3Ry4gLGJ6Z1O3vE1krgXZNrsQ+LFTGHVxVjcXPs17LhbZVGedAJv8XZ1tvj5FvSg=="
    },
    "recursive-free": {
      "version": "1.0.3",
      "resolved": "https://registry.npmjs.org/recursive-free/-/recursive-free-1.0.3.tgz",
      "integrity": "sha512-I1PQ8klq4j6Xp+Ot3LqFGQQecF72+9deT+xfceSXHEr45Jd4Urjq17Sgyufb6NK4Ci4BcmQK6sq3lJWFnkprWg=="
    },
    "typescript": {
      "version": "4.9.3",
      "resolved": "https://registry.npmjs.org/typescript/-/typescript-4.9.3.tgz",
      "integrity": "sha512-CIfGzTelbKNEnLpLdGFgdyKhG23CKdKgQPOBc+OUNrkJ2vr+KSzsSV5kq5iWhEQbok+quxgGzrAtGWCyU7tHnA==",
      "dev": true
    },
    "uuid": {
      "version": "9.0.0",
      "resolved": "https://registry.npmjs.org/uuid/-/uuid-9.0.0.tgz",
      "integrity": "sha512-MXcSTerfPa4uqyzStbRoTgt5XIe3x5+42+q1sDuy3R5MDk66URdLMOZe5aPX/SQd+kuYAh0FdP/pO28IkQyTeg=="
    }
  }
}
